// !$*UTF8*$!
{
	archiveVersion = 1;
	classes = {
	};
	objectVersion = 54;
	objects = {

/* Begin PBXBuildFile section */
		00E356F31AD99517003FC87E /* bookmarkAppsTests.m in Sources */ = {isa = PBXBuildFile; fileRef = 00E356F21AD99517003FC87E /* bookmarkAppsTests.m */; };
		0C80B921A6F3F58F76C31292 /* libPods-bookmarkApps.a in Frameworks */ = {isa = PBXBuildFile; fileRef = 5DCACB8F33CDC322A6C60F78 /* libPods-bookmarkApps.a */; };
		13B07FBC1A68108700A75B9A /* AppDelegate.mm in Sources */ = {isa = PBXBuildFile; fileRef = 13B07FB01A68108700A75B9A /* AppDelegate.mm */; };
		13B07FBF1A68108700A75B9A /* Images.xcassets in Resources */ = {isa = PBXBuildFile; fileRef = 13B07FB51A68108700A75B9A /* Images.xcassets */; };
		13B07FC11A68108700A75B9A /* main.m in Sources */ = {isa = PBXBuildFile; fileRef = 13B07FB71A68108700A75B9A /* main.m */; };
		7699B88040F8A987B510C191 /* libPods-bookmarkApps-bookmarkAppsTests.a in Frameworks */ = {isa = PBXBuildFile; fileRef = 19F6CBCC0A4E27FBF8BF4A61 /* libPods-bookmarkApps-bookmarkAppsTests.a */; };
		81AB9BB82411601600AC10FF /* LaunchScreen.storyboard in Resources */ = {isa = PBXBuildFile; fileRef = 81AB9BB72411601600AC10FF /* LaunchScreen.storyboard */; };
		C1F207AB28193C1E006B56B2 /* SF-Pro-Text-Regular.otf in Resources */ = {isa = PBXBuildFile; fileRef = C1F207AA28193C1E006B56B2 /* SF-Pro-Text-Regular.otf */; };
		C1F207AF28194372006B56B2 /* SFREGULAR.ttf in Resources */ = {isa = PBXBuildFile; fileRef = C1F207AE28194372006B56B2 /* SFREGULAR.ttf */; };
		C1F207B02819A4E3006B56B2 /* SF-Pro-Text-Light.otf in Resources */ = {isa = PBXBuildFile; fileRef = C1F207AC2819402A006B56B2 /* SF-Pro-Text-Light.otf */; };
		C1F207B12819A4E3006B56B2 /* SF-Pro-Text-Semibold.otf in Resources */ = {isa = PBXBuildFile; fileRef = C1F207AD2819402A006B56B2 /* SF-Pro-Text-Semibold.otf */; };
		240E82D320CD43C38195F9EB /* AntDesign.ttf in Resources */ = {isa = PBXBuildFile; fileRef = 0F473092128B4B72B7BFD0E6 /* AntDesign.ttf */; };
		E2E60AF8F00947E58975415F /* BebasNeue-Regular.ttf in Resources */ = {isa = PBXBuildFile; fileRef = C9BE893519C94B49BF680240 /* BebasNeue-Regular.ttf */; };
		39A6DD2CA4844B34AAE50410 /* Entypo.ttf in Resources */ = {isa = PBXBuildFile; fileRef = 766F059FD8474E6CA4C84C6C /* Entypo.ttf */; };
		DDDF65336EC947AFAF140E69 /* EvilIcons.ttf in Resources */ = {isa = PBXBuildFile; fileRef = 3299AF44A33E48819B894543 /* EvilIcons.ttf */; };
		FAB93ACF9B9847C9BD1FB6B1 /* Feather.ttf in Resources */ = {isa = PBXBuildFile; fileRef = B58B8950C5F94208B598F468 /* Feather.ttf */; };
		46C5B36B7E6D4DF8820F8641 /* FontAwesome.ttf in Resources */ = {isa = PBXBuildFile; fileRef = 9FF3A6C7894D47D6BD9D54B8 /* FontAwesome.ttf */; };
		AED2DD15AE9E47A499A00241 /* FontAwesome5_Brands.ttf in Resources */ = {isa = PBXBuildFile; fileRef = EE5BBF2EBF8440C9958092CF /* FontAwesome5_Brands.ttf */; };
		216E620D7F5C42CF8BD77B4A /* FontAwesome5_Regular.ttf in Resources */ = {isa = PBXBuildFile; fileRef = 86E7832E84F3458BB0FCC3D5 /* FontAwesome5_Regular.ttf */; };
		062842B59D5E41C5AEDA55C9 /* FontAwesome5_Solid.ttf in Resources */ = {isa = PBXBuildFile; fileRef = A9E1889D312545A481056B05 /* FontAwesome5_Solid.ttf */; };
		A1B8747880954C24923C5E13 /* Foundation.ttf in Resources */ = {isa = PBXBuildFile; fileRef = B953C2F924964990972B8C92 /* Foundation.ttf */; };
		AB4C3C3D8549482EAE436DFA /* Ionicons.ttf in Resources */ = {isa = PBXBuildFile; fileRef = 5943333F97354AF39B533FEA /* Ionicons.ttf */; };
		0686C0196F82407997456488 /* MaterialCommunityIcons.ttf in Resources */ = {isa = PBXBuildFile; fileRef = D7930A7949614DEF9399FC4D /* MaterialCommunityIcons.ttf */; };
		AE0AEF5C98964FADAD556DAF /* MaterialIcons.ttf in Resources */ = {isa = PBXBuildFile; fileRef = EBC07D341CC84F23B19281A4 /* MaterialIcons.ttf */; };
		0FDC477179674B82B596989F /* Montserrat-Black.ttf in Resources */ = {isa = PBXBuildFile; fileRef = 30C68B2AB89E49F4B2B1952F /* Montserrat-Black.ttf */; };
		F8A54293C07641EBBE6515D1 /* Montserrat-BlackItalic.ttf in Resources */ = {isa = PBXBuildFile; fileRef = 333F2113A62D48BCA1B8E9ED /* Montserrat-BlackItalic.ttf */; };
		7C6E0AE9168C4BAABD63055C /* Montserrat-Bold.ttf in Resources */ = {isa = PBXBuildFile; fileRef = FEC83C7F6B40474B9C04826D /* Montserrat-Bold.ttf */; };
		D287F383485F42319701DC5D /* Montserrat-BoldItalic.ttf in Resources */ = {isa = PBXBuildFile; fileRef = FD420BF3ABFB4770856B30D5 /* Montserrat-BoldItalic.ttf */; };
		57647C39349C4EDF8E181A44 /* Montserrat-ExtraBold.ttf in Resources */ = {isa = PBXBuildFile; fileRef = 75771B215857458E95EDF0A6 /* Montserrat-ExtraBold.ttf */; };
		7AA92D4B8E094489A8AE4B68 /* Montserrat-ExtraBoldItalic.ttf in Resources */ = {isa = PBXBuildFile; fileRef = 67C0AAAC9F234798964A6412 /* Montserrat-ExtraBoldItalic.ttf */; };
		A135320D14C54E818E9F55DA /* Montserrat-ExtraLight.ttf in Resources */ = {isa = PBXBuildFile; fileRef = AD9B64AECF454558A1B137C6 /* Montserrat-ExtraLight.ttf */; };
		DF7E69B6404141A78CC643E3 /* Montserrat-ExtraLightItalic.ttf in Resources */ = {isa = PBXBuildFile; fileRef = 1C9DCFA1F8494774B4AB6B5B /* Montserrat-ExtraLightItalic.ttf */; };
		59ADA1CFFF99419790E5367B /* Montserrat-Italic.ttf in Resources */ = {isa = PBXBuildFile; fileRef = A45074D66D8F42BDB2E16974 /* Montserrat-Italic.ttf */; };
		C1EDABF63427470A85B47D5D /* Montserrat-Light.ttf in Resources */ = {isa = PBXBuildFile; fileRef = FBF7086595A841628E26484B /* Montserrat-Light.ttf */; };
		B379D41938D74F9090BA366C /* Montserrat-LightItalic.ttf in Resources */ = {isa = PBXBuildFile; fileRef = 233FFAAA686F4E119D17F378 /* Montserrat-LightItalic.ttf */; };
		C3BEE82B5F704B629DEC2ED3 /* Montserrat-Medium.ttf in Resources */ = {isa = PBXBuildFile; fileRef = D8F90741994343D08A98E66F /* Montserrat-Medium.ttf */; };
		D0ED3D51C8E340E48EA515A1 /* Montserrat-MediumItalic.ttf in Resources */ = {isa = PBXBuildFile; fileRef = 0833F75F4C874A899D19A1FC /* Montserrat-MediumItalic.ttf */; };
		076F84737F1F4731ABFDB836 /* Montserrat-Regular.ttf in Resources */ = {isa = PBXBuildFile; fileRef = E8846890FDCE49A585B1F841 /* Montserrat-Regular.ttf */; };
		56F5B98486F44033BBFB7CDE /* Montserrat-SemiBold.ttf in Resources */ = {isa = PBXBuildFile; fileRef = EE128DB03CE7468EA0BDF29F /* Montserrat-SemiBold.ttf */; };
		1F7A57281956432BBC9C70F1 /* Montserrat-SemiBoldItalic.ttf in Resources */ = {isa = PBXBuildFile; fileRef = 596CDB08448F42D186699B87 /* Montserrat-SemiBoldItalic.ttf */; };
		7C5402C839B54549A492D593 /* Montserrat-Thin.ttf in Resources */ = {isa = PBXBuildFile; fileRef = C2F8F9043D864A93A7FA5E3F /* Montserrat-Thin.ttf */; };
		B48BB03F6D0548E5BF0AE4D4 /* Montserrat-ThinItalic.ttf in Resources */ = {isa = PBXBuildFile; fileRef = B04636C4B7484082A83BCA56 /* Montserrat-ThinItalic.ttf */; };
		44FEE2B827B04B289F1738D7 /* MontserratBold.ttf in Resources */ = {isa = PBXBuildFile; fileRef = 1AE599D436094256AC36D401 /* MontserratBold.ttf */; };
		D2347E0AA3064CC59E750CB4 /* MontserratLight.ttf in Resources */ = {isa = PBXBuildFile; fileRef = 32413912A90442F385885811 /* MontserratLight.ttf */; };
		3C439E853B9C49D9A4FB1788 /* Roboto_medium.ttf in Resources */ = {isa = PBXBuildFile; fileRef = 118EB1B210F746E18C6D097B /* Roboto_medium.ttf */; };
		A8F8BDEEB9414DE9ADA6359B /* Roboto.ttf in Resources */ = {isa = PBXBuildFile; fileRef = 6F65C2A2BF1C4DCBA355B5B3 /* Roboto.ttf */; };
		995AD22BA8FE4C189B22A206 /* SF-Pro-Text-Light.otf in Resources */ = {isa = PBXBuildFile; fileRef = 4574801F89014010B543EC5D /* SF-Pro-Text-Light.otf */; };
		20B80519EB044C1E91306C8E /* SF-Pro-Text-Regular.otf in Resources */ = {isa = PBXBuildFile; fileRef = 4AAD257B4FB04F749F79BB8D /* SF-Pro-Text-Regular.otf */; };
		9A38101102E94CF3A7DF3EE7 /* SF-Pro-Text-Semibold.otf in Resources */ = {isa = PBXBuildFile; fileRef = 38E1D31437F342768B3D3D98 /* SF-Pro-Text-Semibold.otf */; };
		AA6B3025FEA6473F9EA3AB82 /* SFREGULAR.ttf in Resources */ = {isa = PBXBuildFile; fileRef = B614C4F059574D94BEB18926 /* SFREGULAR.ttf */; };
		489ACB065E4F4DCD8C685E8D /* Fontisto.ttf in Resources */ = {isa = PBXBuildFile; fileRef = 434B3132F77B4262B1594316 /* Fontisto.ttf */; };
		C6134653188A4F1EBE454BF7 /* Octicons.ttf in Resources */ = {isa = PBXBuildFile; fileRef = 7D484E0F80EB4C3FA732133A /* Octicons.ttf */; };
		D362BAD41E014BEBB9F791DB /* SimpleLineIcons.ttf in Resources */ = {isa = PBXBuildFile; fileRef = 5023900A531B4907BC5C58F8 /* SimpleLineIcons.ttf */; };
		91740A9510AA4EA990947EE5 /* Zocial.ttf in Resources */ = {isa = PBXBuildFile; fileRef = 9DB79F30D5DF4924BC0A3D14 /* Zocial.ttf */; };
		8E1D4FF15B804381AE413421 /* rubicon-icon-font.ttf in Resources */ = {isa = PBXBuildFile; fileRef = 3F2D248535DB402390C321B3 /* rubicon-icon-font.ttf */; };
/* End PBXBuildFile section */

/* Begin PBXContainerItemProxy section */
		00E356F41AD99517003FC87E /* PBXContainerItemProxy */ = {
			isa = PBXContainerItemProxy;
			containerPortal = 83CBB9F71A601CBA00E9B192 /* Project object */;
			proxyType = 1;
			remoteGlobalIDString = 13B07F861A680F5B00A75B9A;
			remoteInfo = bookmarkApps;
		};
/* End PBXContainerItemProxy section */

/* Begin PBXFileReference section */
		00E356EE1AD99517003FC87E /* bookmarkAppsTests.xctest */ = {isa = PBXFileReference; explicitFileType = wrapper.cfbundle; includeInIndex = 0; path = bookmarkAppsTests.xctest; sourceTree = BUILT_PRODUCTS_DIR; };
		00E356F11AD99517003FC87E /* Info.plist */ = {isa = PBXFileReference; lastKnownFileType = text.plist.xml; path = Info.plist; sourceTree = "<group>"; };
		00E356F21AD99517003FC87E /* bookmarkAppsTests.m */ = {isa = PBXFileReference; lastKnownFileType = sourcecode.c.objc; path = bookmarkAppsTests.m; sourceTree = "<group>"; };
		13B07F961A680F5B00A75B9A /* bookmarkApps.app */ = {isa = PBXFileReference; explicitFileType = wrapper.application; includeInIndex = 0; path = bookmarkApps.app; sourceTree = BUILT_PRODUCTS_DIR; };
		13B07FAF1A68108700A75B9A /* AppDelegate.h */ = {isa = PBXFileReference; fileEncoding = 4; lastKnownFileType = sourcecode.c.h; name = AppDelegate.h; path = bookmarkApps/AppDelegate.h; sourceTree = "<group>"; };
		13B07FB01A68108700A75B9A /* AppDelegate.mm */ = {isa = PBXFileReference; fileEncoding = 4; lastKnownFileType = sourcecode.cpp.objcpp; name = AppDelegate.mm; path = bookmarkApps/AppDelegate.mm; sourceTree = "<group>"; };
		13B07FB51A68108700A75B9A /* Images.xcassets */ = {isa = PBXFileReference; lastKnownFileType = folder.assetcatalog; name = Images.xcassets; path = bookmarkApps/Images.xcassets; sourceTree = "<group>"; };
		13B07FB61A68108700A75B9A /* Info.plist */ = {isa = PBXFileReference; fileEncoding = 4; lastKnownFileType = text.plist.xml; name = Info.plist; path = bookmarkApps/Info.plist; sourceTree = "<group>"; };
		13B07FB71A68108700A75B9A /* main.m */ = {isa = PBXFileReference; fileEncoding = 4; lastKnownFileType = sourcecode.c.objc; name = main.m; path = bookmarkApps/main.m; sourceTree = "<group>"; };
		19F6CBCC0A4E27FBF8BF4A61 /* libPods-bookmarkApps-bookmarkAppsTests.a */ = {isa = PBXFileReference; explicitFileType = archive.ar; includeInIndex = 0; path = "libPods-bookmarkApps-bookmarkAppsTests.a"; sourceTree = BUILT_PRODUCTS_DIR; };
		3B4392A12AC88292D35C810B /* Pods-bookmarkApps.debug.xcconfig */ = {isa = PBXFileReference; includeInIndex = 1; lastKnownFileType = text.xcconfig; name = "Pods-bookmarkApps.debug.xcconfig"; path = "Target Support Files/Pods-bookmarkApps/Pods-bookmarkApps.debug.xcconfig"; sourceTree = "<group>"; };
		5709B34CF0A7D63546082F79 /* Pods-bookmarkApps.release.xcconfig */ = {isa = PBXFileReference; includeInIndex = 1; lastKnownFileType = text.xcconfig; name = "Pods-bookmarkApps.release.xcconfig"; path = "Target Support Files/Pods-bookmarkApps/Pods-bookmarkApps.release.xcconfig"; sourceTree = "<group>"; };
		5B7EB9410499542E8C5724F5 /* Pods-bookmarkApps-bookmarkAppsTests.debug.xcconfig */ = {isa = PBXFileReference; includeInIndex = 1; lastKnownFileType = text.xcconfig; name = "Pods-bookmarkApps-bookmarkAppsTests.debug.xcconfig"; path = "Target Support Files/Pods-bookmarkApps-bookmarkAppsTests/Pods-bookmarkApps-bookmarkAppsTests.debug.xcconfig"; sourceTree = "<group>"; };
		5DCACB8F33CDC322A6C60F78 /* libPods-bookmarkApps.a */ = {isa = PBXFileReference; explicitFileType = archive.ar; includeInIndex = 0; path = "libPods-bookmarkApps.a"; sourceTree = BUILT_PRODUCTS_DIR; };
		81AB9BB72411601600AC10FF /* LaunchScreen.storyboard */ = {isa = PBXFileReference; fileEncoding = 4; lastKnownFileType = file.storyboard; name = LaunchScreen.storyboard; path = bookmarkApps/LaunchScreen.storyboard; sourceTree = "<group>"; };
		89C6BE57DB24E9ADA2F236DE /* Pods-bookmarkApps-bookmarkAppsTests.release.xcconfig */ = {isa = PBXFileReference; includeInIndex = 1; lastKnownFileType = text.xcconfig; name = "Pods-bookmarkApps-bookmarkAppsTests.release.xcconfig"; path = "Target Support Files/Pods-bookmarkApps-bookmarkAppsTests/Pods-bookmarkApps-bookmarkAppsTests.release.xcconfig"; sourceTree = "<group>"; };
		C1F207AA28193C1E006B56B2 /* SF-Pro-Text-Regular.otf */ = {isa = PBXFileReference; lastKnownFileType = file; path = "SF-Pro-Text-Regular.otf"; sourceTree = "<group>"; };
		C1F207AC2819402A006B56B2 /* SF-Pro-Text-Light.otf */ = {isa = PBXFileReference; lastKnownFileType = file; path = "SF-Pro-Text-Light.otf"; sourceTree = "<group>"; };
		C1F207AD2819402A006B56B2 /* SF-Pro-Text-Semibold.otf */ = {isa = PBXFileReference; lastKnownFileType = file; path = "SF-Pro-Text-Semibold.otf"; sourceTree = "<group>"; };
		C1F207AE28194372006B56B2 /* SFREGULAR.ttf */ = {isa = PBXFileReference; lastKnownFileType = file; path = SFREGULAR.ttf; sourceTree = "<group>"; };
		ED297162215061F000B7C4FE /* JavaScriptCore.framework */ = {isa = PBXFileReference; lastKnownFileType = wrapper.framework; name = JavaScriptCore.framework; path = System/Library/Frameworks/JavaScriptCore.framework; sourceTree = SDKROOT; };
		0F473092128B4B72B7BFD0E6 /* AntDesign.ttf */ = {isa = PBXFileReference; name = "AntDesign.ttf"; path = "../assets/fonts/AntDesign.ttf"; sourceTree = "<group>"; fileEncoding = undefined; lastKnownFileType = unknown; explicitFileType = undefined; includeInIndex = 0; };
		C9BE893519C94B49BF680240 /* BebasNeue-Regular.ttf */ = {isa = PBXFileReference; name = "BebasNeue-Regular.ttf"; path = "../assets/fonts/BebasNeue-Regular.ttf"; sourceTree = "<group>"; fileEncoding = undefined; lastKnownFileType = unknown; explicitFileType = undefined; includeInIndex = 0; };
		766F059FD8474E6CA4C84C6C /* Entypo.ttf */ = {isa = PBXFileReference; name = "Entypo.ttf"; path = "../assets/fonts/Entypo.ttf"; sourceTree = "<group>"; fileEncoding = undefined; lastKnownFileType = unknown; explicitFileType = undefined; includeInIndex = 0; };
		3299AF44A33E48819B894543 /* EvilIcons.ttf */ = {isa = PBXFileReference; name = "EvilIcons.ttf"; path = "../assets/fonts/EvilIcons.ttf"; sourceTree = "<group>"; fileEncoding = undefined; lastKnownFileType = unknown; explicitFileType = undefined; includeInIndex = 0; };
		B58B8950C5F94208B598F468 /* Feather.ttf */ = {isa = PBXFileReference; name = "Feather.ttf"; path = "../assets/fonts/Feather.ttf"; sourceTree = "<group>"; fileEncoding = undefined; lastKnownFileType = unknown; explicitFileType = undefined; includeInIndex = 0; };
		9FF3A6C7894D47D6BD9D54B8 /* FontAwesome.ttf */ = {isa = PBXFileReference; name = "FontAwesome.ttf"; path = "../assets/fonts/FontAwesome.ttf"; sourceTree = "<group>"; fileEncoding = undefined; lastKnownFileType = unknown; explicitFileType = undefined; includeInIndex = 0; };
		EE5BBF2EBF8440C9958092CF /* FontAwesome5_Brands.ttf */ = {isa = PBXFileReference; name = "FontAwesome5_Brands.ttf"; path = "../assets/fonts/FontAwesome5_Brands.ttf"; sourceTree = "<group>"; fileEncoding = undefined; lastKnownFileType = unknown; explicitFileType = undefined; includeInIndex = 0; };
		86E7832E84F3458BB0FCC3D5 /* FontAwesome5_Regular.ttf */ = {isa = PBXFileReference; name = "FontAwesome5_Regular.ttf"; path = "../assets/fonts/FontAwesome5_Regular.ttf"; sourceTree = "<group>"; fileEncoding = undefined; lastKnownFileType = unknown; explicitFileType = undefined; includeInIndex = 0; };
		A9E1889D312545A481056B05 /* FontAwesome5_Solid.ttf */ = {isa = PBXFileReference; name = "FontAwesome5_Solid.ttf"; path = "../assets/fonts/FontAwesome5_Solid.ttf"; sourceTree = "<group>"; fileEncoding = undefined; lastKnownFileType = unknown; explicitFileType = undefined; includeInIndex = 0; };
		B953C2F924964990972B8C92 /* Foundation.ttf */ = {isa = PBXFileReference; name = "Foundation.ttf"; path = "../assets/fonts/Foundation.ttf"; sourceTree = "<group>"; fileEncoding = undefined; lastKnownFileType = unknown; explicitFileType = undefined; includeInIndex = 0; };
		5943333F97354AF39B533FEA /* Ionicons.ttf */ = {isa = PBXFileReference; name = "Ionicons.ttf"; path = "../assets/fonts/Ionicons.ttf"; sourceTree = "<group>"; fileEncoding = undefined; lastKnownFileType = unknown; explicitFileType = undefined; includeInIndex = 0; };
		D7930A7949614DEF9399FC4D /* MaterialCommunityIcons.ttf */ = {isa = PBXFileReference; name = "MaterialCommunityIcons.ttf"; path = "../assets/fonts/MaterialCommunityIcons.ttf"; sourceTree = "<group>"; fileEncoding = undefined; lastKnownFileType = unknown; explicitFileType = undefined; includeInIndex = 0; };
		EBC07D341CC84F23B19281A4 /* MaterialIcons.ttf */ = {isa = PBXFileReference; name = "MaterialIcons.ttf"; path = "../assets/fonts/MaterialIcons.ttf"; sourceTree = "<group>"; fileEncoding = undefined; lastKnownFileType = unknown; explicitFileType = undefined; includeInIndex = 0; };
		30C68B2AB89E49F4B2B1952F /* Montserrat-Black.ttf */ = {isa = PBXFileReference; name = "Montserrat-Black.ttf"; path = "../assets/fonts/Montserrat-Black.ttf"; sourceTree = "<group>"; fileEncoding = undefined; lastKnownFileType = unknown; explicitFileType = undefined; includeInIndex = 0; };
		333F2113A62D48BCA1B8E9ED /* Montserrat-BlackItalic.ttf */ = {isa = PBXFileReference; name = "Montserrat-BlackItalic.ttf"; path = "../assets/fonts/Montserrat-BlackItalic.ttf"; sourceTree = "<group>"; fileEncoding = undefined; lastKnownFileType = unknown; explicitFileType = undefined; includeInIndex = 0; };
		FEC83C7F6B40474B9C04826D /* Montserrat-Bold.ttf */ = {isa = PBXFileReference; name = "Montserrat-Bold.ttf"; path = "../assets/fonts/Montserrat-Bold.ttf"; sourceTree = "<group>"; fileEncoding = undefined; lastKnownFileType = unknown; explicitFileType = undefined; includeInIndex = 0; };
		FD420BF3ABFB4770856B30D5 /* Montserrat-BoldItalic.ttf */ = {isa = PBXFileReference; name = "Montserrat-BoldItalic.ttf"; path = "../assets/fonts/Montserrat-BoldItalic.ttf"; sourceTree = "<group>"; fileEncoding = undefined; lastKnownFileType = unknown; explicitFileType = undefined; includeInIndex = 0; };
		75771B215857458E95EDF0A6 /* Montserrat-ExtraBold.ttf */ = {isa = PBXFileReference; name = "Montserrat-ExtraBold.ttf"; path = "../assets/fonts/Montserrat-ExtraBold.ttf"; sourceTree = "<group>"; fileEncoding = undefined; lastKnownFileType = unknown; explicitFileType = undefined; includeInIndex = 0; };
		67C0AAAC9F234798964A6412 /* Montserrat-ExtraBoldItalic.ttf */ = {isa = PBXFileReference; name = "Montserrat-ExtraBoldItalic.ttf"; path = "../assets/fonts/Montserrat-ExtraBoldItalic.ttf"; sourceTree = "<group>"; fileEncoding = undefined; lastKnownFileType = unknown; explicitFileType = undefined; includeInIndex = 0; };
		AD9B64AECF454558A1B137C6 /* Montserrat-ExtraLight.ttf */ = {isa = PBXFileReference; name = "Montserrat-ExtraLight.ttf"; path = "../assets/fonts/Montserrat-ExtraLight.ttf"; sourceTree = "<group>"; fileEncoding = undefined; lastKnownFileType = unknown; explicitFileType = undefined; includeInIndex = 0; };
		1C9DCFA1F8494774B4AB6B5B /* Montserrat-ExtraLightItalic.ttf */ = {isa = PBXFileReference; name = "Montserrat-ExtraLightItalic.ttf"; path = "../assets/fonts/Montserrat-ExtraLightItalic.ttf"; sourceTree = "<group>"; fileEncoding = undefined; lastKnownFileType = unknown; explicitFileType = undefined; includeInIndex = 0; };
		A45074D66D8F42BDB2E16974 /* Montserrat-Italic.ttf */ = {isa = PBXFileReference; name = "Montserrat-Italic.ttf"; path = "../assets/fonts/Montserrat-Italic.ttf"; sourceTree = "<group>"; fileEncoding = undefined; lastKnownFileType = unknown; explicitFileType = undefined; includeInIndex = 0; };
		FBF7086595A841628E26484B /* Montserrat-Light.ttf */ = {isa = PBXFileReference; name = "Montserrat-Light.ttf"; path = "../assets/fonts/Montserrat-Light.ttf"; sourceTree = "<group>"; fileEncoding = undefined; lastKnownFileType = unknown; explicitFileType = undefined; includeInIndex = 0; };
		233FFAAA686F4E119D17F378 /* Montserrat-LightItalic.ttf */ = {isa = PBXFileReference; name = "Montserrat-LightItalic.ttf"; path = "../assets/fonts/Montserrat-LightItalic.ttf"; sourceTree = "<group>"; fileEncoding = undefined; lastKnownFileType = unknown; explicitFileType = undefined; includeInIndex = 0; };
		D8F90741994343D08A98E66F /* Montserrat-Medium.ttf */ = {isa = PBXFileReference; name = "Montserrat-Medium.ttf"; path = "../assets/fonts/Montserrat-Medium.ttf"; sourceTree = "<group>"; fileEncoding = undefined; lastKnownFileType = unknown; explicitFileType = undefined; includeInIndex = 0; };
		0833F75F4C874A899D19A1FC /* Montserrat-MediumItalic.ttf */ = {isa = PBXFileReference; name = "Montserrat-MediumItalic.ttf"; path = "../assets/fonts/Montserrat-MediumItalic.ttf"; sourceTree = "<group>"; fileEncoding = undefined; lastKnownFileType = unknown; explicitFileType = undefined; includeInIndex = 0; };
		E8846890FDCE49A585B1F841 /* Montserrat-Regular.ttf */ = {isa = PBXFileReference; name = "Montserrat-Regular.ttf"; path = "../assets/fonts/Montserrat-Regular.ttf"; sourceTree = "<group>"; fileEncoding = undefined; lastKnownFileType = unknown; explicitFileType = undefined; includeInIndex = 0; };
		EE128DB03CE7468EA0BDF29F /* Montserrat-SemiBold.ttf */ = {isa = PBXFileReference; name = "Montserrat-SemiBold.ttf"; path = "../assets/fonts/Montserrat-SemiBold.ttf"; sourceTree = "<group>"; fileEncoding = undefined; lastKnownFileType = unknown; explicitFileType = undefined; includeInIndex = 0; };
		596CDB08448F42D186699B87 /* Montserrat-SemiBoldItalic.ttf */ = {isa = PBXFileReference; name = "Montserrat-SemiBoldItalic.ttf"; path = "../assets/fonts/Montserrat-SemiBoldItalic.ttf"; sourceTree = "<group>"; fileEncoding = undefined; lastKnownFileType = unknown; explicitFileType = undefined; includeInIndex = 0; };
		C2F8F9043D864A93A7FA5E3F /* Montserrat-Thin.ttf */ = {isa = PBXFileReference; name = "Montserrat-Thin.ttf"; path = "../assets/fonts/Montserrat-Thin.ttf"; sourceTree = "<group>"; fileEncoding = undefined; lastKnownFileType = unknown; explicitFileType = undefined; includeInIndex = 0; };
		B04636C4B7484082A83BCA56 /* Montserrat-ThinItalic.ttf */ = {isa = PBXFileReference; name = "Montserrat-ThinItalic.ttf"; path = "../assets/fonts/Montserrat-ThinItalic.ttf"; sourceTree = "<group>"; fileEncoding = undefined; lastKnownFileType = unknown; explicitFileType = undefined; includeInIndex = 0; };
		1AE599D436094256AC36D401 /* MontserratBold.ttf */ = {isa = PBXFileReference; name = "MontserratBold.ttf"; path = "../assets/fonts/MontserratBold.ttf"; sourceTree = "<group>"; fileEncoding = undefined; lastKnownFileType = unknown; explicitFileType = undefined; includeInIndex = 0; };
		32413912A90442F385885811 /* MontserratLight.ttf */ = {isa = PBXFileReference; name = "MontserratLight.ttf"; path = "../assets/fonts/MontserratLight.ttf"; sourceTree = "<group>"; fileEncoding = undefined; lastKnownFileType = unknown; explicitFileType = undefined; includeInIndex = 0; };
		118EB1B210F746E18C6D097B /* Roboto_medium.ttf */ = {isa = PBXFileReference; name = "Roboto_medium.ttf"; path = "../assets/fonts/Roboto_medium.ttf"; sourceTree = "<group>"; fileEncoding = undefined; lastKnownFileType = unknown; explicitFileType = undefined; includeInIndex = 0; };
		6F65C2A2BF1C4DCBA355B5B3 /* Roboto.ttf */ = {isa = PBXFileReference; name = "Roboto.ttf"; path = "../assets/fonts/Roboto.ttf"; sourceTree = "<group>"; fileEncoding = undefined; lastKnownFileType = unknown; explicitFileType = undefined; includeInIndex = 0; };
		4574801F89014010B543EC5D /* SF-Pro-Text-Light.otf */ = {isa = PBXFileReference; name = "SF-Pro-Text-Light.otf"; path = "../assets/fonts/SF-Pro-Text-Light.otf"; sourceTree = "<group>"; fileEncoding = undefined; lastKnownFileType = unknown; explicitFileType = undefined; includeInIndex = 0; };
		4AAD257B4FB04F749F79BB8D /* SF-Pro-Text-Regular.otf */ = {isa = PBXFileReference; name = "SF-Pro-Text-Regular.otf"; path = "../assets/fonts/SF-Pro-Text-Regular.otf"; sourceTree = "<group>"; fileEncoding = undefined; lastKnownFileType = unknown; explicitFileType = undefined; includeInIndex = 0; };
		38E1D31437F342768B3D3D98 /* SF-Pro-Text-Semibold.otf */ = {isa = PBXFileReference; name = "SF-Pro-Text-Semibold.otf"; path = "../assets/fonts/SF-Pro-Text-Semibold.otf"; sourceTree = "<group>"; fileEncoding = undefined; lastKnownFileType = unknown; explicitFileType = undefined; includeInIndex = 0; };
		B614C4F059574D94BEB18926 /* SFREGULAR.ttf */ = {isa = PBXFileReference; name = "SFREGULAR.ttf"; path = "../assets/fonts/SFREGULAR.ttf"; sourceTree = "<group>"; fileEncoding = undefined; lastKnownFileType = unknown; explicitFileType = undefined; includeInIndex = 0; };
		434B3132F77B4262B1594316 /* Fontisto.ttf */ = {isa = PBXFileReference; name = "Fontisto.ttf"; path = "../node_modules/react-native-vector-icons/Fonts/Fontisto.ttf"; sourceTree = "<group>"; fileEncoding = undefined; lastKnownFileType = unknown; explicitFileType = undefined; includeInIndex = 0; };
		7D484E0F80EB4C3FA732133A /* Octicons.ttf */ = {isa = PBXFileReference; name = "Octicons.ttf"; path = "../node_modules/react-native-vector-icons/Fonts/Octicons.ttf"; sourceTree = "<group>"; fileEncoding = undefined; lastKnownFileType = unknown; explicitFileType = undefined; includeInIndex = 0; };
		5023900A531B4907BC5C58F8 /* SimpleLineIcons.ttf */ = {isa = PBXFileReference; name = "SimpleLineIcons.ttf"; path = "../node_modules/react-native-vector-icons/Fonts/SimpleLineIcons.ttf"; sourceTree = "<group>"; fileEncoding = undefined; lastKnownFileType = unknown; explicitFileType = undefined; includeInIndex = 0; };
		9DB79F30D5DF4924BC0A3D14 /* Zocial.ttf */ = {isa = PBXFileReference; name = "Zocial.ttf"; path = "../node_modules/react-native-vector-icons/Fonts/Zocial.ttf"; sourceTree = "<group>"; fileEncoding = undefined; lastKnownFileType = unknown; explicitFileType = undefined; includeInIndex = 0; };
		3F2D248535DB402390C321B3 /* rubicon-icon-font.ttf */ = {isa = PBXFileReference; name = "rubicon-icon-font.ttf"; path = "../node_modules/native-base/Fonts/rubicon-icon-font.ttf"; sourceTree = "<group>"; fileEncoding = undefined; lastKnownFileType = unknown; explicitFileType = undefined; includeInIndex = 0; };
/* End PBXFileReference section */

/* Begin PBXFrameworksBuildPhase section */
		00E356EB1AD99517003FC87E /* Frameworks */ = {
			isa = PBXFrameworksBuildPhase;
			buildActionMask = 2147483647;
			files = (
				7699B88040F8A987B510C191 /* libPods-bookmarkApps-bookmarkAppsTests.a in Frameworks */,
			);
			runOnlyForDeploymentPostprocessing = 0;
		};
		13B07F8C1A680F5B00A75B9A /* Frameworks */ = {
			isa = PBXFrameworksBuildPhase;
			buildActionMask = 2147483647;
			files = (
				0C80B921A6F3F58F76C31292 /* libPods-bookmarkApps.a in Frameworks */,
			);
			runOnlyForDeploymentPostprocessing = 0;
		};
/* End PBXFrameworksBuildPhase section */

/* Begin PBXGroup section */
		00E356EF1AD99517003FC87E /* bookmarkAppsTests */ = {
			isa = PBXGroup;
			children = (
				00E356F21AD99517003FC87E /* bookmarkAppsTests.m */,
				00E356F01AD99517003FC87E /* Supporting Files */,
			);
			path = bookmarkAppsTests;
			sourceTree = "<group>";
		};
		00E356F01AD99517003FC87E /* Supporting Files */ = {
			isa = PBXGroup;
			children = (
				00E356F11AD99517003FC87E /* Info.plist */,
			);
			name = "Supporting Files";
			sourceTree = "<group>";
		};
		13B07FAE1A68108700A75B9A /* bookmarkApps */ = {
			isa = PBXGroup;
			children = (
				13B07FAF1A68108700A75B9A /* AppDelegate.h */,
				13B07FB01A68108700A75B9A /* AppDelegate.mm */,
				13B07FB51A68108700A75B9A /* Images.xcassets */,
				13B07FB61A68108700A75B9A /* Info.plist */,
				81AB9BB72411601600AC10FF /* LaunchScreen.storyboard */,
				13B07FB71A68108700A75B9A /* main.m */,
			);
			name = bookmarkApps;
			sourceTree = "<group>";
		};
		2D16E6871FA4F8E400B85C8A /* Frameworks */ = {
			isa = PBXGroup;
			children = (
				ED297162215061F000B7C4FE /* JavaScriptCore.framework */,
				5DCACB8F33CDC322A6C60F78 /* libPods-bookmarkApps.a */,
				19F6CBCC0A4E27FBF8BF4A61 /* libPods-bookmarkApps-bookmarkAppsTests.a */,
			);
			name = Frameworks;
			sourceTree = "<group>";
		};
		832341AE1AAA6A7D00B99B32 /* Libraries */ = {
			isa = PBXGroup;
			children = (
			);
			name = Libraries;
			sourceTree = "<group>";
		};
		83CBB9F61A601CBA00E9B192 = {
			isa = PBXGroup;
			children = (
				C1F207A928193BCB006B56B2 /* Resources */,
				13B07FAE1A68108700A75B9A /* bookmarkApps */,
				832341AE1AAA6A7D00B99B32 /* Libraries */,
				00E356EF1AD99517003FC87E /* bookmarkAppsTests */,
				83CBBA001A601CBA00E9B192 /* Products */,
				2D16E6871FA4F8E400B85C8A /* Frameworks */,
				BBD78D7AC51CEA395F1C20DB /* Pods */,
			);
			indentWidth = 2;
			sourceTree = "<group>";
			tabWidth = 2;
			usesTabs = 0;
		};
		83CBBA001A601CBA00E9B192 /* Products */ = {
			isa = PBXGroup;
			children = (
				13B07F961A680F5B00A75B9A /* bookmarkApps.app */,
				00E356EE1AD99517003FC87E /* bookmarkAppsTests.xctest */,
			);
			name = Products;
			sourceTree = "<group>";
		};
		BBD78D7AC51CEA395F1C20DB /* Pods */ = {
			isa = PBXGroup;
			children = (
				3B4392A12AC88292D35C810B /* Pods-bookmarkApps.debug.xcconfig */,
				5709B34CF0A7D63546082F79 /* Pods-bookmarkApps.release.xcconfig */,
				5B7EB9410499542E8C5724F5 /* Pods-bookmarkApps-bookmarkAppsTests.debug.xcconfig */,
				89C6BE57DB24E9ADA2F236DE /* Pods-bookmarkApps-bookmarkAppsTests.release.xcconfig */,
			);
			path = Pods;
			sourceTree = "<group>";
		};
		C1F207A928193BCB006B56B2 /* Resources */ = {
			isa = PBXGroup;
			children = (
				C1F207AC2819402A006B56B2 /* SF-Pro-Text-Light.otf */,
				C1F207AD2819402A006B56B2 /* SF-Pro-Text-Semibold.otf */,
				C1F207AE28194372006B56B2 /* SFREGULAR.ttf */,
				C1F207AA28193C1E006B56B2 /* SF-Pro-Text-Regular.otf */,
				0F473092128B4B72B7BFD0E6 /* AntDesign.ttf */,
				C9BE893519C94B49BF680240 /* BebasNeue-Regular.ttf */,
				766F059FD8474E6CA4C84C6C /* Entypo.ttf */,
				3299AF44A33E48819B894543 /* EvilIcons.ttf */,
				B58B8950C5F94208B598F468 /* Feather.ttf */,
				9FF3A6C7894D47D6BD9D54B8 /* FontAwesome.ttf */,
				EE5BBF2EBF8440C9958092CF /* FontAwesome5_Brands.ttf */,
				86E7832E84F3458BB0FCC3D5 /* FontAwesome5_Regular.ttf */,
				A9E1889D312545A481056B05 /* FontAwesome5_Solid.ttf */,
				B953C2F924964990972B8C92 /* Foundation.ttf */,
				5943333F97354AF39B533FEA /* Ionicons.ttf */,
				D7930A7949614DEF9399FC4D /* MaterialCommunityIcons.ttf */,
				EBC07D341CC84F23B19281A4 /* MaterialIcons.ttf */,
				30C68B2AB89E49F4B2B1952F /* Montserrat-Black.ttf */,
				333F2113A62D48BCA1B8E9ED /* Montserrat-BlackItalic.ttf */,
				FEC83C7F6B40474B9C04826D /* Montserrat-Bold.ttf */,
				FD420BF3ABFB4770856B30D5 /* Montserrat-BoldItalic.ttf */,
				75771B215857458E95EDF0A6 /* Montserrat-ExtraBold.ttf */,
				67C0AAAC9F234798964A6412 /* Montserrat-ExtraBoldItalic.ttf */,
				AD9B64AECF454558A1B137C6 /* Montserrat-ExtraLight.ttf */,
				1C9DCFA1F8494774B4AB6B5B /* Montserrat-ExtraLightItalic.ttf */,
				A45074D66D8F42BDB2E16974 /* Montserrat-Italic.ttf */,
				FBF7086595A841628E26484B /* Montserrat-Light.ttf */,
				233FFAAA686F4E119D17F378 /* Montserrat-LightItalic.ttf */,
				D8F90741994343D08A98E66F /* Montserrat-Medium.ttf */,
				0833F75F4C874A899D19A1FC /* Montserrat-MediumItalic.ttf */,
				E8846890FDCE49A585B1F841 /* Montserrat-Regular.ttf */,
				EE128DB03CE7468EA0BDF29F /* Montserrat-SemiBold.ttf */,
				596CDB08448F42D186699B87 /* Montserrat-SemiBoldItalic.ttf */,
				C2F8F9043D864A93A7FA5E3F /* Montserrat-Thin.ttf */,
				B04636C4B7484082A83BCA56 /* Montserrat-ThinItalic.ttf */,
				1AE599D436094256AC36D401 /* MontserratBold.ttf */,
				32413912A90442F385885811 /* MontserratLight.ttf */,
				118EB1B210F746E18C6D097B /* Roboto_medium.ttf */,
				6F65C2A2BF1C4DCBA355B5B3 /* Roboto.ttf */,
				4574801F89014010B543EC5D /* SF-Pro-Text-Light.otf */,
				4AAD257B4FB04F749F79BB8D /* SF-Pro-Text-Regular.otf */,
				38E1D31437F342768B3D3D98 /* SF-Pro-Text-Semibold.otf */,
				B614C4F059574D94BEB18926 /* SFREGULAR.ttf */,
				434B3132F77B4262B1594316 /* Fontisto.ttf */,
				7D484E0F80EB4C3FA732133A /* Octicons.ttf */,
				5023900A531B4907BC5C58F8 /* SimpleLineIcons.ttf */,
				9DB79F30D5DF4924BC0A3D14 /* Zocial.ttf */,
				3F2D248535DB402390C321B3 /* rubicon-icon-font.ttf */,
			);
			path = Resources;
			sourceTree = "<group>";
		};
/* End PBXGroup section */

/* Begin PBXNativeTarget section */
		00E356ED1AD99517003FC87E /* bookmarkAppsTests */ = {
			isa = PBXNativeTarget;
			buildConfigurationList = 00E357021AD99517003FC87E /* Build configuration list for PBXNativeTarget "bookmarkAppsTests" */;
			buildPhases = (
				A55EABD7B0C7F3A422A6CC61 /* [CP] Check Pods Manifest.lock */,
				00E356EA1AD99517003FC87E /* Sources */,
				00E356EB1AD99517003FC87E /* Frameworks */,
				00E356EC1AD99517003FC87E /* Resources */,
				C59DA0FBD6956966B86A3779 /* [CP] Embed Pods Frameworks */,
				F6A41C54EA430FDDC6A6ED99 /* [CP] Copy Pods Resources */,
			);
			buildRules = (
			);
			dependencies = (
				00E356F51AD99517003FC87E /* PBXTargetDependency */,
			);
			name = bookmarkAppsTests;
			productName = bookmarkAppsTests;
			productReference = 00E356EE1AD99517003FC87E /* bookmarkAppsTests.xctest */;
			productType = "com.apple.product-type.bundle.unit-test";
		};
		13B07F861A680F5B00A75B9A /* bookmarkApps */ = {
			isa = PBXNativeTarget;
			buildConfigurationList = 13B07F931A680F5B00A75B9A /* Build configuration list for PBXNativeTarget "bookmarkApps" */;
			buildPhases = (
				C38B50BA6285516D6DCD4F65 /* [CP] Check Pods Manifest.lock */,
				FD10A7F022414F080027D42C /* Start Packager */,
				13B07F871A680F5B00A75B9A /* Sources */,
				13B07F8C1A680F5B00A75B9A /* Frameworks */,
				13B07F8E1A680F5B00A75B9A /* Resources */,
				00DD1BFF1BD5951E006B06BC /* Bundle React Native code and images */,
				00EEFC60759A1932668264C0 /* [CP] Embed Pods Frameworks */,
				E235C05ADACE081382539298 /* [CP] Copy Pods Resources */,
			);
			buildRules = (
			);
			dependencies = (
			);
			name = bookmarkApps;
			productName = bookmarkApps;
			productReference = 13B07F961A680F5B00A75B9A /* bookmarkApps.app */;
			productType = "com.apple.product-type.application";
		};
/* End PBXNativeTarget section */

/* Begin PBXProject section */
		83CBB9F71A601CBA00E9B192 /* Project object */ = {
			isa = PBXProject;
			attributes = {
				LastUpgradeCheck = 1210;
				TargetAttributes = {
					00E356ED1AD99517003FC87E = {
						CreatedOnToolsVersion = 6.2;
						TestTargetID = 13B07F861A680F5B00A75B9A;
					};
					13B07F861A680F5B00A75B9A = {
						LastSwiftMigration = 1120;
					};
				};
			};
			buildConfigurationList = 83CBB9FA1A601CBA00E9B192 /* Build configuration list for PBXProject "bookmarkApps" */;
			compatibilityVersion = "Xcode 12.0";
			developmentRegion = en;
			hasScannedForEncodings = 0;
			knownRegions = (
				en,
				Base,
			);
			mainGroup = 83CBB9F61A601CBA00E9B192;
			productRefGroup = 83CBBA001A601CBA00E9B192 /* Products */;
			projectDirPath = "";
			projectRoot = "";
			targets = (
				13B07F861A680F5B00A75B9A /* bookmarkApps */,
				00E356ED1AD99517003FC87E /* bookmarkAppsTests */,
			);
		};
/* End PBXProject section */

/* Begin PBXResourcesBuildPhase section */
		00E356EC1AD99517003FC87E /* Resources */ = {
			isa = PBXResourcesBuildPhase;
			buildActionMask = 2147483647;
			files = (
			);
			runOnlyForDeploymentPostprocessing = 0;
		};
		13B07F8E1A680F5B00A75B9A /* Resources */ = {
			isa = PBXResourcesBuildPhase;
			buildActionMask = 2147483647;
			files = (
				C1F207B12819A4E3006B56B2 /* SF-Pro-Text-Semibold.otf in Resources */,
				C1F207AF28194372006B56B2 /* SFREGULAR.ttf in Resources */,
				C1F207AB28193C1E006B56B2 /* SF-Pro-Text-Regular.otf in Resources */,
				81AB9BB82411601600AC10FF /* LaunchScreen.storyboard in Resources */,
				13B07FBF1A68108700A75B9A /* Images.xcassets in Resources */,
				C1F207B02819A4E3006B56B2 /* SF-Pro-Text-Light.otf in Resources */,
				240E82D320CD43C38195F9EB /* AntDesign.ttf in Resources */,
				E2E60AF8F00947E58975415F /* BebasNeue-Regular.ttf in Resources */,
				39A6DD2CA4844B34AAE50410 /* Entypo.ttf in Resources */,
				DDDF65336EC947AFAF140E69 /* EvilIcons.ttf in Resources */,
				FAB93ACF9B9847C9BD1FB6B1 /* Feather.ttf in Resources */,
				46C5B36B7E6D4DF8820F8641 /* FontAwesome.ttf in Resources */,
				AED2DD15AE9E47A499A00241 /* FontAwesome5_Brands.ttf in Resources */,
				216E620D7F5C42CF8BD77B4A /* FontAwesome5_Regular.ttf in Resources */,
				062842B59D5E41C5AEDA55C9 /* FontAwesome5_Solid.ttf in Resources */,
				A1B8747880954C24923C5E13 /* Foundation.ttf in Resources */,
				AB4C3C3D8549482EAE436DFA /* Ionicons.ttf in Resources */,
				0686C0196F82407997456488 /* MaterialCommunityIcons.ttf in Resources */,
				AE0AEF5C98964FADAD556DAF /* MaterialIcons.ttf in Resources */,
				0FDC477179674B82B596989F /* Montserrat-Black.ttf in Resources */,
				F8A54293C07641EBBE6515D1 /* Montserrat-BlackItalic.ttf in Resources */,
				7C6E0AE9168C4BAABD63055C /* Montserrat-Bold.ttf in Resources */,
				D287F383485F42319701DC5D /* Montserrat-BoldItalic.ttf in Resources */,
				57647C39349C4EDF8E181A44 /* Montserrat-ExtraBold.ttf in Resources */,
				7AA92D4B8E094489A8AE4B68 /* Montserrat-ExtraBoldItalic.ttf in Resources */,
				A135320D14C54E818E9F55DA /* Montserrat-ExtraLight.ttf in Resources */,
				DF7E69B6404141A78CC643E3 /* Montserrat-ExtraLightItalic.ttf in Resources */,
				59ADA1CFFF99419790E5367B /* Montserrat-Italic.ttf in Resources */,
				C1EDABF63427470A85B47D5D /* Montserrat-Light.ttf in Resources */,
				B379D41938D74F9090BA366C /* Montserrat-LightItalic.ttf in Resources */,
				C3BEE82B5F704B629DEC2ED3 /* Montserrat-Medium.ttf in Resources */,
				D0ED3D51C8E340E48EA515A1 /* Montserrat-MediumItalic.ttf in Resources */,
				076F84737F1F4731ABFDB836 /* Montserrat-Regular.ttf in Resources */,
				56F5B98486F44033BBFB7CDE /* Montserrat-SemiBold.ttf in Resources */,
				1F7A57281956432BBC9C70F1 /* Montserrat-SemiBoldItalic.ttf in Resources */,
				7C5402C839B54549A492D593 /* Montserrat-Thin.ttf in Resources */,
				B48BB03F6D0548E5BF0AE4D4 /* Montserrat-ThinItalic.ttf in Resources */,
				44FEE2B827B04B289F1738D7 /* MontserratBold.ttf in Resources */,
				D2347E0AA3064CC59E750CB4 /* MontserratLight.ttf in Resources */,
				3C439E853B9C49D9A4FB1788 /* Roboto_medium.ttf in Resources */,
				A8F8BDEEB9414DE9ADA6359B /* Roboto.ttf in Resources */,
				995AD22BA8FE4C189B22A206 /* SF-Pro-Text-Light.otf in Resources */,
				20B80519EB044C1E91306C8E /* SF-Pro-Text-Regular.otf in Resources */,
				9A38101102E94CF3A7DF3EE7 /* SF-Pro-Text-Semibold.otf in Resources */,
				AA6B3025FEA6473F9EA3AB82 /* SFREGULAR.ttf in Resources */,
				489ACB065E4F4DCD8C685E8D /* Fontisto.ttf in Resources */,
				C6134653188A4F1EBE454BF7 /* Octicons.ttf in Resources */,
				D362BAD41E014BEBB9F791DB /* SimpleLineIcons.ttf in Resources */,
				91740A9510AA4EA990947EE5 /* Zocial.ttf in Resources */,
				8E1D4FF15B804381AE413421 /* rubicon-icon-font.ttf in Resources */,
			);
			runOnlyForDeploymentPostprocessing = 0;
		};
/* End PBXResourcesBuildPhase section */

/* Begin PBXShellScriptBuildPhase section */
		00DD1BFF1BD5951E006B06BC /* Bundle React Native code and images */ = {
			isa = PBXShellScriptBuildPhase;
			buildActionMask = 2147483647;
			files = (
			);
			inputPaths = (
			);
			name = "Bundle React Native code and images";
			outputPaths = (
			);
			runOnlyForDeploymentPostprocessing = 0;
			shellPath = /bin/sh;
			shellScript = "set -e\n\nexport NODE_BINARY=node\n../node_modules/react-native/scripts/react-native-xcode.sh\n";
		};
		00EEFC60759A1932668264C0 /* [CP] Embed Pods Frameworks */ = {
			isa = PBXShellScriptBuildPhase;
			buildActionMask = 2147483647;
			files = (
			);
			inputFileListPaths = (
				"${PODS_ROOT}/Target Support Files/Pods-bookmarkApps/Pods-bookmarkApps-frameworks-${CONFIGURATION}-input-files.xcfilelist",
			);
			name = "[CP] Embed Pods Frameworks";
			outputFileListPaths = (
				"${PODS_ROOT}/Target Support Files/Pods-bookmarkApps/Pods-bookmarkApps-frameworks-${CONFIGURATION}-output-files.xcfilelist",
			);
			runOnlyForDeploymentPostprocessing = 0;
			shellPath = /bin/sh;
			shellScript = "\"${PODS_ROOT}/Target Support Files/Pods-bookmarkApps/Pods-bookmarkApps-frameworks.sh\"\n";
			showEnvVarsInLog = 0;
		};
		A55EABD7B0C7F3A422A6CC61 /* [CP] Check Pods Manifest.lock */ = {
			isa = PBXShellScriptBuildPhase;
			buildActionMask = 2147483647;
			files = (
			);
			inputFileListPaths = (
			);
			inputPaths = (
				"${PODS_PODFILE_DIR_PATH}/Podfile.lock",
				"${PODS_ROOT}/Manifest.lock",
			);
			name = "[CP] Check Pods Manifest.lock";
			outputFileListPaths = (
			);
			outputPaths = (
				"$(DERIVED_FILE_DIR)/Pods-bookmarkApps-bookmarkAppsTests-checkManifestLockResult.txt",
			);
			runOnlyForDeploymentPostprocessing = 0;
			shellPath = /bin/sh;
			shellScript = "diff \"${PODS_PODFILE_DIR_PATH}/Podfile.lock\" \"${PODS_ROOT}/Manifest.lock\" > /dev/null\nif [ $? != 0 ] ; then\n    # print error to STDERR\n    echo \"error: The sandbox is not in sync with the Podfile.lock. Run 'pod install' or update your CocoaPods installation.\" >&2\n    exit 1\nfi\n# This output is used by Xcode 'outputs' to avoid re-running this script phase.\necho \"SUCCESS\" > \"${SCRIPT_OUTPUT_FILE_0}\"\n";
			showEnvVarsInLog = 0;
		};
		C38B50BA6285516D6DCD4F65 /* [CP] Check Pods Manifest.lock */ = {
			isa = PBXShellScriptBuildPhase;
			buildActionMask = 2147483647;
			files = (
			);
			inputFileListPaths = (
			);
			inputPaths = (
				"${PODS_PODFILE_DIR_PATH}/Podfile.lock",
				"${PODS_ROOT}/Manifest.lock",
			);
			name = "[CP] Check Pods Manifest.lock";
			outputFileListPaths = (
			);
			outputPaths = (
				"$(DERIVED_FILE_DIR)/Pods-bookmarkApps-checkManifestLockResult.txt",
			);
			runOnlyForDeploymentPostprocessing = 0;
			shellPath = /bin/sh;
			shellScript = "diff \"${PODS_PODFILE_DIR_PATH}/Podfile.lock\" \"${PODS_ROOT}/Manifest.lock\" > /dev/null\nif [ $? != 0 ] ; then\n    # print error to STDERR\n    echo \"error: The sandbox is not in sync with the Podfile.lock. Run 'pod install' or update your CocoaPods installation.\" >&2\n    exit 1\nfi\n# This output is used by Xcode 'outputs' to avoid re-running this script phase.\necho \"SUCCESS\" > \"${SCRIPT_OUTPUT_FILE_0}\"\n";
			showEnvVarsInLog = 0;
		};
		C59DA0FBD6956966B86A3779 /* [CP] Embed Pods Frameworks */ = {
			isa = PBXShellScriptBuildPhase;
			buildActionMask = 2147483647;
			files = (
			);
			inputFileListPaths = (
				"${PODS_ROOT}/Target Support Files/Pods-bookmarkApps-bookmarkAppsTests/Pods-bookmarkApps-bookmarkAppsTests-frameworks-${CONFIGURATION}-input-files.xcfilelist",
			);
			name = "[CP] Embed Pods Frameworks";
			outputFileListPaths = (
				"${PODS_ROOT}/Target Support Files/Pods-bookmarkApps-bookmarkAppsTests/Pods-bookmarkApps-bookmarkAppsTests-frameworks-${CONFIGURATION}-output-files.xcfilelist",
			);
			runOnlyForDeploymentPostprocessing = 0;
			shellPath = /bin/sh;
			shellScript = "\"${PODS_ROOT}/Target Support Files/Pods-bookmarkApps-bookmarkAppsTests/Pods-bookmarkApps-bookmarkAppsTests-frameworks.sh\"\n";
			showEnvVarsInLog = 0;
		};
		E235C05ADACE081382539298 /* [CP] Copy Pods Resources */ = {
			isa = PBXShellScriptBuildPhase;
			buildActionMask = 2147483647;
			files = (
			);
			inputFileListPaths = (
				"${PODS_ROOT}/Target Support Files/Pods-bookmarkApps/Pods-bookmarkApps-resources-${CONFIGURATION}-input-files.xcfilelist",
			);
			name = "[CP] Copy Pods Resources";
			outputFileListPaths = (
				"${PODS_ROOT}/Target Support Files/Pods-bookmarkApps/Pods-bookmarkApps-resources-${CONFIGURATION}-output-files.xcfilelist",
			);
			runOnlyForDeploymentPostprocessing = 0;
			shellPath = /bin/sh;
			shellScript = "\"${PODS_ROOT}/Target Support Files/Pods-bookmarkApps/Pods-bookmarkApps-resources.sh\"\n";
			showEnvVarsInLog = 0;
		};
		F6A41C54EA430FDDC6A6ED99 /* [CP] Copy Pods Resources */ = {
			isa = PBXShellScriptBuildPhase;
			buildActionMask = 2147483647;
			files = (
			);
			inputFileListPaths = (
				"${PODS_ROOT}/Target Support Files/Pods-bookmarkApps-bookmarkAppsTests/Pods-bookmarkApps-bookmarkAppsTests-resources-${CONFIGURATION}-input-files.xcfilelist",
			);
			name = "[CP] Copy Pods Resources";
			outputFileListPaths = (
				"${PODS_ROOT}/Target Support Files/Pods-bookmarkApps-bookmarkAppsTests/Pods-bookmarkApps-bookmarkAppsTests-resources-${CONFIGURATION}-output-files.xcfilelist",
			);
			runOnlyForDeploymentPostprocessing = 0;
			shellPath = /bin/sh;
			shellScript = "\"${PODS_ROOT}/Target Support Files/Pods-bookmarkApps-bookmarkAppsTests/Pods-bookmarkApps-bookmarkAppsTests-resources.sh\"\n";
			showEnvVarsInLog = 0;
		};
		FD10A7F022414F080027D42C /* Start Packager */ = {
			isa = PBXShellScriptBuildPhase;
			buildActionMask = 2147483647;
			files = (
			);
			inputFileListPaths = (
			);
			inputPaths = (
			);
			name = "Start Packager";
			outputFileListPaths = (
			);
			outputPaths = (
			);
			runOnlyForDeploymentPostprocessing = 0;
			shellPath = /bin/sh;
			shellScript = "export RCT_METRO_PORT=\"${RCT_METRO_PORT:=8081}\"\necho \"export RCT_METRO_PORT=${RCT_METRO_PORT}\" > \"${SRCROOT}/../node_modules/react-native/scripts/.packager.env\"\nif [ -z \"${RCT_NO_LAUNCH_PACKAGER+xxx}\" ] ; then\n  if nc -w 5 -z localhost ${RCT_METRO_PORT} ; then\n    if ! curl -s \"http://localhost:${RCT_METRO_PORT}/status\" | grep -q \"packager-status:running\" ; then\n      echo \"Port ${RCT_METRO_PORT} already in use, packager is either not running or not running correctly\"\n      exit 2\n    fi\n  else\n    open \"$SRCROOT/../node_modules/react-native/scripts/launchPackager.command\" || echo \"Can't start packager automatically\"\n  fi\nfi\n";
			showEnvVarsInLog = 0;
		};
/* End PBXShellScriptBuildPhase section */

/* Begin PBXSourcesBuildPhase section */
		00E356EA1AD99517003FC87E /* Sources */ = {
			isa = PBXSourcesBuildPhase;
			buildActionMask = 2147483647;
			files = (
				00E356F31AD99517003FC87E /* bookmarkAppsTests.m in Sources */,
			);
			runOnlyForDeploymentPostprocessing = 0;
		};
		13B07F871A680F5B00A75B9A /* Sources */ = {
			isa = PBXSourcesBuildPhase;
			buildActionMask = 2147483647;
			files = (
				13B07FBC1A68108700A75B9A /* AppDelegate.mm in Sources */,
				13B07FC11A68108700A75B9A /* main.m in Sources */,
			);
			runOnlyForDeploymentPostprocessing = 0;
		};
/* End PBXSourcesBuildPhase section */

/* Begin PBXTargetDependency section */
		00E356F51AD99517003FC87E /* PBXTargetDependency */ = {
			isa = PBXTargetDependency;
			target = 13B07F861A680F5B00A75B9A /* bookmarkApps */;
			targetProxy = 00E356F41AD99517003FC87E /* PBXContainerItemProxy */;
		};
/* End PBXTargetDependency section */

/* Begin XCBuildConfiguration section */
		00E356F61AD99517003FC87E /* Debug */ = {
			isa = XCBuildConfiguration;
			baseConfigurationReference = 5B7EB9410499542E8C5724F5 /* Pods-bookmarkApps-bookmarkAppsTests.debug.xcconfig */;
			buildSettings = {
				BUNDLE_LOADER = "$(TEST_HOST)";
				GCC_PREPROCESSOR_DEFINITIONS = (
					"DEBUG=1",
					"$(inherited)",
				);
				INFOPLIST_FILE = bookmarkAppsTests/Info.plist;
				IPHONEOS_DEPLOYMENT_TARGET = 11.0;
				LD_RUNPATH_SEARCH_PATHS = (
					"$(inherited)",
					"@executable_path/Frameworks",
					"@loader_path/Frameworks",
				);
				OTHER_LDFLAGS = (
					"-ObjC",
					"-lc++",
					"$(inherited)",
				);
				PRODUCT_BUNDLE_IDENTIFIER = "org.reactjs.native.example.$(PRODUCT_NAME:rfc1034identifier)";
				PRODUCT_NAME = "$(TARGET_NAME)";
				TEST_HOST = "$(BUILT_PRODUCTS_DIR)/bookmarkApps.app/bookmarkApps";
			};
			name = Debug;
		};
		00E356F71AD99517003FC87E /* Release */ = {
			isa = XCBuildConfiguration;
			baseConfigurationReference = 89C6BE57DB24E9ADA2F236DE /* Pods-bookmarkApps-bookmarkAppsTests.release.xcconfig */;
			buildSettings = {
				BUNDLE_LOADER = "$(TEST_HOST)";
				COPY_PHASE_STRIP = NO;
				INFOPLIST_FILE = bookmarkAppsTests/Info.plist;
				IPHONEOS_DEPLOYMENT_TARGET = 11.0;
				LD_RUNPATH_SEARCH_PATHS = (
					"$(inherited)",
					"@executable_path/Frameworks",
					"@loader_path/Frameworks",
				);
				OTHER_LDFLAGS = (
					"-ObjC",
					"-lc++",
					"$(inherited)",
				);
				PRODUCT_BUNDLE_IDENTIFIER = "org.reactjs.native.example.$(PRODUCT_NAME:rfc1034identifier)";
				PRODUCT_NAME = "$(TARGET_NAME)";
				TEST_HOST = "$(BUILT_PRODUCTS_DIR)/bookmarkApps.app/bookmarkApps";
			};
			name = Release;
		};
		13B07F941A680F5B00A75B9A /* Debug */ = {
			isa = XCBuildConfiguration;
			baseConfigurationReference = 3B4392A12AC88292D35C810B /* Pods-bookmarkApps.debug.xcconfig */;
			buildSettings = {
				ASSETCATALOG_COMPILER_APPICON_NAME = AppIcon;
				CLANG_ENABLE_MODULES = YES;
				CURRENT_PROJECT_VERSION = 1;
				ENABLE_BITCODE = NO;
				INFOPLIST_FILE = bookmarkApps/Info.plist;
				LD_RUNPATH_SEARCH_PATHS = (
					"$(inherited)",
					"@executable_path/Frameworks",
				);
				OTHER_LDFLAGS = (
					"$(inherited)",
					"-ObjC",
					"-lc++",
				);
				PRODUCT_BUNDLE_IDENTIFIER = "org.reactjs.native.example.$(PRODUCT_NAME:rfc1034identifier)";
				PRODUCT_NAME = bookmarkApps;
				SWIFT_OPTIMIZATION_LEVEL = "-Onone";
				SWIFT_VERSION = 5.0;
				VERSIONING_SYSTEM = "apple-generic";
			};
			name = Debug;
		};
		13B07F951A680F5B00A75B9A /* Release */ = {
			isa = XCBuildConfiguration;
			baseConfigurationReference = 5709B34CF0A7D63546082F79 /* Pods-bookmarkApps.release.xcconfig */;
			buildSettings = {
				ASSETCATALOG_COMPILER_APPICON_NAME = AppIcon;
				CLANG_ENABLE_MODULES = YES;
				CURRENT_PROJECT_VERSION = 1;
				INFOPLIST_FILE = bookmarkApps/Info.plist;
				LD_RUNPATH_SEARCH_PATHS = (
					"$(inherited)",
					"@executable_path/Frameworks",
				);
				OTHER_LDFLAGS = (
					"$(inherited)",
					"-ObjC",
					"-lc++",
				);
				PRODUCT_BUNDLE_IDENTIFIER = "org.reactjs.native.example.$(PRODUCT_NAME:rfc1034identifier)";
				PRODUCT_NAME = bookmarkApps;
				SWIFT_VERSION = 5.0;
				VERSIONING_SYSTEM = "apple-generic";
			};
			name = Release;
		};
		83CBBA201A601CBA00E9B192 /* Debug */ = {
			isa = XCBuildConfiguration;
			buildSettings = {
				ALWAYS_SEARCH_USER_PATHS = NO;
				CLANG_ANALYZER_LOCALIZABILITY_NONLOCALIZED = YES;
				CLANG_CXX_LANGUAGE_STANDARD = "c++17";
				CLANG_CXX_LIBRARY = "libc++";
				CLANG_ENABLE_MODULES = YES;
				CLANG_ENABLE_OBJC_ARC = YES;
				CLANG_WARN_BLOCK_CAPTURE_AUTORELEASING = YES;
				CLANG_WARN_BOOL_CONVERSION = YES;
				CLANG_WARN_COMMA = YES;
				CLANG_WARN_CONSTANT_CONVERSION = YES;
				CLANG_WARN_DEPRECATED_OBJC_IMPLEMENTATIONS = YES;
				CLANG_WARN_DIRECT_OBJC_ISA_USAGE = YES_ERROR;
				CLANG_WARN_EMPTY_BODY = YES;
				CLANG_WARN_ENUM_CONVERSION = YES;
				CLANG_WARN_INFINITE_RECURSION = YES;
				CLANG_WARN_INT_CONVERSION = YES;
				CLANG_WARN_NON_LITERAL_NULL_CONVERSION = YES;
				CLANG_WARN_OBJC_IMPLICIT_RETAIN_SELF = YES;
				CLANG_WARN_OBJC_LITERAL_CONVERSION = YES;
				CLANG_WARN_OBJC_ROOT_CLASS = YES_ERROR;
				CLANG_WARN_QUOTED_INCLUDE_IN_FRAMEWORK_HEADER = YES;
				CLANG_WARN_RANGE_LOOP_ANALYSIS = YES;
				CLANG_WARN_STRICT_PROTOTYPES = YES;
				CLANG_WARN_SUSPICIOUS_MOVE = YES;
				CLANG_WARN_UNREACHABLE_CODE = YES;
				CLANG_WARN__DUPLICATE_METHOD_MATCH = YES;
				"CODE_SIGN_IDENTITY[sdk=iphoneos*]" = "iPhone Developer";
				COPY_PHASE_STRIP = NO;
				ENABLE_STRICT_OBJC_MSGSEND = YES;
				ENABLE_TESTABILITY = YES;
				"EXCLUDED_ARCHS[sdk=iphonesimulator*]" = "";
				GCC_C_LANGUAGE_STANDARD = gnu99;
				GCC_DYNAMIC_NO_PIC = NO;
				GCC_NO_COMMON_BLOCKS = YES;
				GCC_OPTIMIZATION_LEVEL = 0;
				GCC_PREPROCESSOR_DEFINITIONS = (
					"DEBUG=1",
					"$(inherited)",
				);
				GCC_SYMBOLS_PRIVATE_EXTERN = NO;
				GCC_WARN_64_TO_32_BIT_CONVERSION = YES;
				GCC_WARN_ABOUT_RETURN_TYPE = YES_ERROR;
				GCC_WARN_UNDECLARED_SELECTOR = YES;
				GCC_WARN_UNINITIALIZED_AUTOS = YES_AGGRESSIVE;
				GCC_WARN_UNUSED_FUNCTION = YES;
				GCC_WARN_UNUSED_VARIABLE = YES;
				IPHONEOS_DEPLOYMENT_TARGET = 11.0;
				LD_RUNPATH_SEARCH_PATHS = (
					/usr/lib/swift,
					"$(inherited)",
				);
				LIBRARY_SEARCH_PATHS = (
					"\"$(SDKROOT)/usr/lib/swift\"",
					"\"$(TOOLCHAIN_DIR)/usr/lib/swift/$(PLATFORM_NAME)\"",
					"\"$(inherited)\"",
				);
				MTL_ENABLE_DEBUG_INFO = YES;
				ONLY_ACTIVE_ARCH = YES;
				OTHER_CPLUSPLUSFLAGS = (
					"$(OTHER_CFLAGS)",
					"-DFOLLY_NO_CONFIG",
					"-DFOLLY_MOBILE=1",
					"-DFOLLY_USE_LIBCPP=1",
				);
				SDKROOT = iphoneos;
			};
			name = Debug;
		};
		83CBBA211A601CBA00E9B192 /* Release */ = {
			isa = XCBuildConfiguration;
			buildSettings = {
				ALWAYS_SEARCH_USER_PATHS = NO;
				CLANG_ANALYZER_LOCALIZABILITY_NONLOCALIZED = YES;
				CLANG_CXX_LANGUAGE_STANDARD = "c++17";
				CLANG_CXX_LIBRARY = "libc++";
				CLANG_ENABLE_MODULES = YES;
				CLANG_ENABLE_OBJC_ARC = YES;
				CLANG_WARN_BLOCK_CAPTURE_AUTORELEASING = YES;
				CLANG_WARN_BOOL_CONVERSION = YES;
				CLANG_WARN_COMMA = YES;
				CLANG_WARN_CONSTANT_CONVERSION = YES;
				CLANG_WARN_DEPRECATED_OBJC_IMPLEMENTATIONS = YES;
				CLANG_WARN_DIRECT_OBJC_ISA_USAGE = YES_ERROR;
				CLANG_WARN_EMPTY_BODY = YES;
				CLANG_WARN_ENUM_CONVERSION = YES;
				CLANG_WARN_INFINITE_RECURSION = YES;
				CLANG_WARN_INT_CONVERSION = YES;
				CLANG_WARN_NON_LITERAL_NULL_CONVERSION = YES;
				CLANG_WARN_OBJC_IMPLICIT_RETAIN_SELF = YES;
				CLANG_WARN_OBJC_LITERAL_CONVERSION = YES;
				CLANG_WARN_OBJC_ROOT_CLASS = YES_ERROR;
				CLANG_WARN_QUOTED_INCLUDE_IN_FRAMEWORK_HEADER = YES;
				CLANG_WARN_RANGE_LOOP_ANALYSIS = YES;
				CLANG_WARN_STRICT_PROTOTYPES = YES;
				CLANG_WARN_SUSPICIOUS_MOVE = YES;
				CLANG_WARN_UNREACHABLE_CODE = YES;
				CLANG_WARN__DUPLICATE_METHOD_MATCH = YES;
				"CODE_SIGN_IDENTITY[sdk=iphoneos*]" = "iPhone Developer";
				COPY_PHASE_STRIP = YES;
				ENABLE_NS_ASSERTIONS = NO;
				ENABLE_STRICT_OBJC_MSGSEND = YES;
				"EXCLUDED_ARCHS[sdk=iphonesimulator*]" = "";
				GCC_C_LANGUAGE_STANDARD = gnu99;
				GCC_NO_COMMON_BLOCKS = YES;
				GCC_WARN_64_TO_32_BIT_CONVERSION = YES;
				GCC_WARN_ABOUT_RETURN_TYPE = YES_ERROR;
				GCC_WARN_UNDECLARED_SELECTOR = YES;
				GCC_WARN_UNINITIALIZED_AUTOS = YES_AGGRESSIVE;
				GCC_WARN_UNUSED_FUNCTION = YES;
				GCC_WARN_UNUSED_VARIABLE = YES;
				IPHONEOS_DEPLOYMENT_TARGET = 11.0;
				LD_RUNPATH_SEARCH_PATHS = (
					/usr/lib/swift,
					"$(inherited)",
				);
				LIBRARY_SEARCH_PATHS = (
					"\"$(SDKROOT)/usr/lib/swift\"",
					"\"$(TOOLCHAIN_DIR)/usr/lib/swift/$(PLATFORM_NAME)\"",
					"\"$(inherited)\"",
				);
				MTL_ENABLE_DEBUG_INFO = NO;
				OTHER_CPLUSPLUSFLAGS = (
					"$(OTHER_CFLAGS)",
					"-DFOLLY_NO_CONFIG",
					"-DFOLLY_MOBILE=1",
					"-DFOLLY_USE_LIBCPP=1",
				);
				SDKROOT = iphoneos;
				VALIDATE_PRODUCT = YES;
			};
			name = Release;
		};
/* End XCBuildConfiguration section */

/* Begin XCConfigurationList section */
		00E357021AD99517003FC87E /* Build configuration list for PBXNativeTarget "bookmarkAppsTests" */ = {
			isa = XCConfigurationList;
			buildConfigurations = (
				00E356F61AD99517003FC87E /* Debug */,
				00E356F71AD99517003FC87E /* Release */,
			);
			defaultConfigurationIsVisible = 0;
			defaultConfigurationName = Release;
		};
		13B07F931A680F5B00A75B9A /* Build configuration list for PBXNativeTarget "bookmarkApps" */ = {
			isa = XCConfigurationList;
			buildConfigurations = (
				13B07F941A680F5B00A75B9A /* Debug */,
				13B07F951A680F5B00A75B9A /* Release */,
			);
			defaultConfigurationIsVisible = 0;
			defaultConfigurationName = Release;
		};
		83CBB9FA1A601CBA00E9B192 /* Build configuration list for PBXProject "bookmarkApps" */ = {
			isa = XCConfigurationList;
			buildConfigurations = (
				83CBBA201A601CBA00E9B192 /* Debug */,
				83CBBA211A601CBA00E9B192 /* Release */,
			);
			defaultConfigurationIsVisible = 0;
			defaultConfigurationName = Release;
		};
/* End XCConfigurationList section */
	};
	rootObject = 83CBB9F71A601CBA00E9B192 /* Project object */;
}
